
Microsoft Visual Studio Solution File, Format Version 12.00
# Visual Studio 15
Project("{FAE04EC0-301F-11D3-BF4B-00C04F79EFBC}") = "EnemyAD", "EnemyAD.csproj", "{C2B1E91D-36C1-AA03-8FF6-B709A11EF3F6}"
EndProject
Project("{FAE04EC0-301F-11D3-BF4B-00C04F79EFBC}") = "CommonAD", "CommonAD.csproj", "{E4BABEAE-363C-648A-87A2-D9CA82AB55DB}"
EndProject
Project("{FAE04EC0-301F-11D3-BF4B-00C04F79EFBC}") = "Assembly-CSharp", "Assembly-CSharp.csproj", "{09EBD258-A8A3-24D3-62A4-71E6E1B2DF2A}"
EndProject
Project("{FAE04EC0-301F-11D3-BF4B-00C04F79EFBC}") = "PlayerAD", "PlayerAD.csproj", "{7739F121-573C-B45F-62D1-E707FEE6AEF0}"
EndProject
Project("{FAE04EC0-301F-11D3-BF4B-00C04F79EFBC}") = "StageAD", "StageAD.csproj", "{98221015-0154-D31D-9657-DDC6FC1FDA88}"
EndProject
Project("{FAE04EC0-301F-11D3-BF4B-00C04F79EFBC}") = "Assembly-CSharp-firstpass", "Assembly-CSharp-firstpass.csproj", "{1CEE1D8D-34A3-E036-F187-141C5B156CB2}"
EndProject
Project("{FAE04EC0-301F-11D3-BF4B-00C04F79EFBC}") = "MainAD", "MainAD.csproj", "{49A359FC-0095-F751-A839-BF7C638CF78E}"
EndProject
Project("{FAE04EC0-301F-11D3-BF4B-00C04F79EFBC}") = "Assembly-CSharp-Editor", "Assembly-CSharp-Editor.csproj", "{A6720273-775C-2F3F-F011-F81983B1970C}"
EndProject
Global
	GlobalSection(SolutionConfigurationPlatforms) = preSolution
		Debug|Any CPU = Debug|Any CPU
		Release|Any CPU = Release|Any CPU
	EndGlobalSection
	GlobalSection(ProjectConfigurationPlatforms) = postSolution
		{C2B1E91D-36C1-AA03-8FF6-B709A11EF3F6}.Debug|Any CPU.ActiveCfg = Debug|Any CPU
		{C2B1E91D-36C1-AA03-8FF6-B709A11EF3F6}.Debug|Any CPU.Build.0 = Debug|Any CPU
		{C2B1E91D-36C1-AA03-8FF6-B709A11EF3F6}.Release|Any CPU.ActiveCfg = Release|Any CPU
		{C2B1E91D-36C1-AA03-8FF6-B709A11EF3F6}.Release|Any CPU.Build.0 = Release|Any CPU
		{E4BABEAE-363C-648A-87A2-D9CA82AB55DB}.Debug|Any CPU.ActiveCfg = Debug|Any CPU
		{E4BABEAE-363C-648A-87A2-D9CA82AB55DB}.Debug|Any CPU.Build.0 = Debug|Any CPU
		{E4BABEAE-363C-648A-87A2-D9CA82AB55DB}.Release|Any CPU.ActiveCfg = Release|Any CPU
		{E4BABEAE-363C-648A-87A2-D9CA82AB55DB}.Release|Any CPU.Build.0 = Release|Any CPU
		{09EBD258-A8A3-24D3-62A4-71E6E1B2DF2A}.Debug|Any CPU.ActiveCfg = Debug|Any CPU
		{09EBD258-A8A3-24D3-62A4-71E6E1B2DF2A}.Debug|Any CPU.Build.0 = Debug|Any CPU
		{09EBD258-A8A3-24D3-62A4-71E6E1B2DF2A}.Release|Any CPU.ActiveCfg = Release|Any CPU
		{09EBD258-A8A3-24D3-62A4-71E6E1B2DF2A}.Release|Any CPU.Build.0 = Release|Any CPU
		{7739F121-573C-B45F-62D1-E707FEE6AEF0}.Debug|Any CPU.ActiveCfg = Debug|Any CPU
		{7739F121-573C-B45F-62D1-E707FEE6AEF0}.Debug|Any CPU.Build.0 = Debug|Any CPU
		{7739F121-573C-B45F-62D1-E707FEE6AEF0}.Release|Any CPU.ActiveCfg = Release|Any CPU
		{7739F121-573C-B45F-62D1-E707FEE6AEF0}.Release|Any CPU.Build.0 = Release|Any CPU
		{98221015-0154-D31D-9657-DDC6FC1FDA88}.Debug|Any CPU.ActiveCfg = Debug|Any CPU
		{98221015-0154-D31D-9657-DDC6FC1FDA88}.Debug|Any CPU.Build.0 = Debug|Any CPU
		{98221015-0154-D31D-9657-DDC6FC1FDA88}.Release|Any CPU.ActiveCfg = Release|Any CPU
		{98221015-0154-D31D-9657-DDC6FC1FDA88}.Release|Any CPU.Build.0 = Release|Any CPU
		{1CEE1D8D-34A3-E036-F187-141C5B156CB2}.Debug|Any CPU.ActiveCfg = Debug|Any CPU
		{1CEE1D8D-34A3-E036-F187-141C5B156CB2}.Debug|Any CPU.Build.0 = Debug|Any CPU
		{1CEE1D8D-34A3-E036-F187-141C5B156CB2}.Release|Any CPU.ActiveCfg = Release|Any CPU
		{1CEE1D8D-34A3-E036-F187-141C5B156CB2}.Release|Any CPU.Build.0 = Release|Any CPU
		{49A359FC-0095-F751-A839-BF7C638CF78E}.Debug|Any CPU.ActiveCfg = Debug|Any CPU
		{49A359FC-0095-F751-A839-BF7C638CF78E}.Debug|Any CPU.Build.0 = Debug|Any CPU
		{49A359FC-0095-F751-A839-BF7C638CF78E}.Release|Any CPU.ActiveCfg = Release|Any CPU
		{49A359FC-0095-F751-A839-BF7C638CF78E}.Release|Any CPU.Build.0 = Release|Any CPU
		{A6720273-775C-2F3F-F011-F81983B1970C}.Debug|Any CPU.ActiveCfg = Debug|Any CPU
		{A6720273-775C-2F3F-F011-F81983B1970C}.Debug|Any CPU.Build.0 = Debug|Any CPU
		{A6720273-775C-2F3F-F011-F81983B1970C}.Release|Any CPU.ActiveCfg = Release|Any CPU
		{A6720273-775C-2F3F-F011-F81983B1970C}.Release|Any CPU.Build.0 = Release|Any CPU
	EndGlobalSection
	GlobalSection(SolutionProperties) = preSolution
		HideSolutionNode = FALSE
	EndGlobalSection
EndGlobal
